// !$*UTF8*$!
{
	archiveVersion = 1;
	classes = {
	};
	objectVersion = 51;
	objects = {

/* Begin PBXBuildFile section */
		15C80B2625FC46400019CCAF /* SampleStoryboard.storyboard in Resources */ = {isa = PBXBuildFile; fileRef = 15C80B2525FC46400019CCAF /* SampleStoryboard.storyboard */; };
		15C80B2E25FC52760019CCAF /* ItemDetailViewController.swift in Sources */ = {isa = PBXBuildFile; fileRef = 15C80B2D25FC52760019CCAF /* ItemDetailViewController.swift */; };
		15C80B3125FC529C0019CCAF /* StudyLater.swift in Sources */ = {isa = PBXBuildFile; fileRef = 15C80B3025FC529C0019CCAF /* StudyLater.swift */; };
		15C80B3525FC5D2E0019CCAF /* AddItemViewController.swift in Sources */ = {isa = PBXBuildFile; fileRef = 15C80B3425FC5D2E0019CCAF /* AddItemViewController.swift */; };
		15C80B3925FC622E0019CCAF /* DataController.swift in Sources */ = {isa = PBXBuildFile; fileRef = 15C80B3825FC622E0019CCAF /* DataController.swift */; };
		C930588D25F3D79100D8E6A1 /* AppDelegate.swift in Sources */ = {isa = PBXBuildFile; fileRef = C930588C25F3D79100D8E6A1 /* AppDelegate.swift */; };
		C930588F25F3D79100D8E6A1 /* SceneDelegate.swift in Sources */ = {isa = PBXBuildFile; fileRef = C930588E25F3D79100D8E6A1 /* SceneDelegate.swift */; };
		C930589625F3D79200D8E6A1 /* Assets.xcassets in Resources */ = {isa = PBXBuildFile; fileRef = C930589525F3D79200D8E6A1 /* Assets.xcassets */; };
		C930589925F3D79200D8E6A1 /* LaunchScreen.storyboard in Resources */ = {isa = PBXBuildFile; fileRef = C930589725F3D79200D8E6A1 /* LaunchScreen.storyboard */; };
		C98CB30725F50BC300821B8F /* MainViewController.swift in Sources */ = {isa = PBXBuildFile; fileRef = C98CB30625F50BC300821B8F /* MainViewController.swift */; };
		C98CB30D25F50F7100821B8F /* UIviewExtension.swift in Sources */ = {isa = PBXBuildFile; fileRef = C98CB30C25F50F7100821B8F /* UIviewExtension.swift */; };
		E8B3797C7E99E4AD3A3A25D7 /* Pods_Edison.framework in Frameworks */ = {isa = PBXBuildFile; fileRef = FB6D2AD086A10C6321DF8E0C /* Pods_Edison.framework */; };
/* End PBXBuildFile section */

/* Begin PBXFileReference section */
		15C80B2525FC46400019CCAF /* SampleStoryboard.storyboard */ = {isa = PBXFileReference; lastKnownFileType = file.storyboard; path = SampleStoryboard.storyboard; sourceTree = "<group>"; };
		15C80B2D25FC52760019CCAF /* ItemDetailViewController.swift */ = {isa = PBXFileReference; lastKnownFileType = sourcecode.swift; path = ItemDetailViewController.swift; sourceTree = "<group>"; };
		15C80B3025FC529C0019CCAF /* StudyLater.swift */ = {isa = PBXFileReference; lastKnownFileType = sourcecode.swift; path = StudyLater.swift; sourceTree = "<group>"; };
		15C80B3425FC5D2E0019CCAF /* AddItemViewController.swift */ = {isa = PBXFileReference; lastKnownFileType = sourcecode.swift; path = AddItemViewController.swift; sourceTree = "<group>"; };
		15C80B3825FC622E0019CCAF /* DataController.swift */ = {isa = PBXFileReference; lastKnownFileType = sourcecode.swift; path = DataController.swift; sourceTree = "<group>"; };
		A47301EBBB5D692B7FB2D395 /* Pods-Edison.debug.xcconfig */ = {isa = PBXFileReference; includeInIndex = 1; lastKnownFileType = text.xcconfig; name = "Pods-Edison.debug.xcconfig"; path = "Target Support Files/Pods-Edison/Pods-Edison.debug.xcconfig"; sourceTree = "<group>"; };
		B132AEA23712907F99B50B25 /* Pods-Edison.release.xcconfig */ = {isa = PBXFileReference; includeInIndex = 1; lastKnownFileType = text.xcconfig; name = "Pods-Edison.release.xcconfig"; path = "Target Support Files/Pods-Edison/Pods-Edison.release.xcconfig"; sourceTree = "<group>"; };
		C930588925F3D79100D8E6A1 /* Edison.app */ = {isa = PBXFileReference; explicitFileType = wrapper.application; includeInIndex = 0; path = Edison.app; sourceTree = BUILT_PRODUCTS_DIR; };
		C930588C25F3D79100D8E6A1 /* AppDelegate.swift */ = {isa = PBXFileReference; lastKnownFileType = sourcecode.swift; path = AppDelegate.swift; sourceTree = "<group>"; };
		C930588E25F3D79100D8E6A1 /* SceneDelegate.swift */ = {isa = PBXFileReference; lastKnownFileType = sourcecode.swift; path = SceneDelegate.swift; sourceTree = "<group>"; };
		C930589525F3D79200D8E6A1 /* Assets.xcassets */ = {isa = PBXFileReference; lastKnownFileType = folder.assetcatalog; path = Assets.xcassets; sourceTree = "<group>"; };
		C930589825F3D79200D8E6A1 /* Base */ = {isa = PBXFileReference; lastKnownFileType = file.storyboard; name = Base; path = Base.lproj/LaunchScreen.storyboard; sourceTree = "<group>"; };
		C930589A25F3D79200D8E6A1 /* Info.plist */ = {isa = PBXFileReference; lastKnownFileType = text.plist.xml; path = Info.plist; sourceTree = "<group>"; };
		C98CB30625F50BC300821B8F /* MainViewController.swift */ = {isa = PBXFileReference; lastKnownFileType = sourcecode.swift; path = MainViewController.swift; sourceTree = "<group>"; };
		C98CB30C25F50F7100821B8F /* UIviewExtension.swift */ = {isa = PBXFileReference; lastKnownFileType = sourcecode.swift; path = UIviewExtension.swift; sourceTree = "<group>"; };
		FB6D2AD086A10C6321DF8E0C /* Pods_Edison.framework */ = {isa = PBXFileReference; explicitFileType = wrapper.framework; includeInIndex = 0; path = Pods_Edison.framework; sourceTree = BUILT_PRODUCTS_DIR; };
/* End PBXFileReference section */

/* Begin PBXFrameworksBuildPhase section */
		C930588625F3D79100D8E6A1 /* Frameworks */ = {
			isa = PBXFrameworksBuildPhase;
			buildActionMask = 2147483647;
			files = (
				E8B3797C7E99E4AD3A3A25D7 /* Pods_Edison.framework in Frameworks */,
			);
			runOnlyForDeploymentPostprocessing = 0;
		};
/* End PBXFrameworksBuildPhase section */

/* Begin PBXGroup section */
		0C7D2B03F328EA226BF3EEBF /* Frameworks */ = {
			isa = PBXGroup;
			children = (
				FB6D2AD086A10C6321DF8E0C /* Pods_Edison.framework */,
			);
			name = Frameworks;
			sourceTree = "<group>";
		};
		150A1F962605866B00A30A37 /* Application */ = {
			isa = PBXGroup;
			children = (
				C930588C25F3D79100D8E6A1 /* AppDelegate.swift */,
				C930588E25F3D79100D8E6A1 /* SceneDelegate.swift */,
				C930589725F3D79200D8E6A1 /* LaunchScreen.storyboard */,
				C930589A25F3D79200D8E6A1 /* Info.plist */,
			);
			path = Application;
			sourceTree = "<group>";
		};
		150A1F982605869800A30A37 /* Resource */ = {
			isa = PBXGroup;
			children = (
				C930589525F3D79200D8E6A1 /* Assets.xcassets */,
			);
			path = Resource;
			sourceTree = "<group>";
		};
		150A1F9A260586AC00A30A37 /* View Controller */ = {
			isa = PBXGroup;
			children = (
				15C80B2525FC46400019CCAF /* SampleStoryboard.storyboard */,
				C98CB30625F50BC300821B8F /* MainViewController.swift */,
				15C80B3425FC5D2E0019CCAF /* AddItemViewController.swift */,
				15C80B2D25FC52760019CCAF /* ItemDetailViewController.swift */,
			);
			path = "View Controller";
			sourceTree = "<group>";
		};
		156AD9BC26058A9300DE7514 /* Controller */ = {
			isa = PBXGroup;
			children = (
				15C80B3825FC622E0019CCAF /* DataController.swift */,
			);
			path = Controller;
			sourceTree = "<group>";
		};
		C930588025F3D79100D8E6A1 = {
			isa = PBXGroup;
			children = (
				C930588B25F3D79100D8E6A1 /* Edison */,
				C930588A25F3D79100D8E6A1 /* Products */,
				E0DA2C7B0D7F73C0CF06CC4E /* Pods */,
				0C7D2B03F328EA226BF3EEBF /* Frameworks */,
			);
			sourceTree = "<group>";
		};
		C930588A25F3D79100D8E6A1 /* Products */ = {
			isa = PBXGroup;
			children = (
				C930588925F3D79100D8E6A1 /* Edison.app */,
			);
			name = Products;
			sourceTree = "<group>";
		};
		C930588B25F3D79100D8E6A1 /* Edison */ = {
			isa = PBXGroup;
			children = (
				150A1F962605866B00A30A37 /* Application */,
				156AD9BC26058A9300DE7514 /* Controller */,
				150A1F9A260586AC00A30A37 /* View Controller */,
				15C80B3025FC529C0019CCAF /* StudyLater.swift */,
				C98CB30B25F50F5700821B8F /* Extension */,
				150A1F982605869800A30A37 /* Resource */,
			);
			path = Edison;
			sourceTree = "<group>";
		};
		C98CB30B25F50F5700821B8F /* Extension */ = {
			isa = PBXGroup;
			children = (
				C98CB30C25F50F7100821B8F /* UIviewExtension.swift */,
			);
			path = Extension;
			sourceTree = "<group>";
		};
		E0DA2C7B0D7F73C0CF06CC4E /* Pods */ = {
			isa = PBXGroup;
			children = (
				A47301EBBB5D692B7FB2D395 /* Pods-Edison.debug.xcconfig */,
				B132AEA23712907F99B50B25 /* Pods-Edison.release.xcconfig */,
			);
			path = Pods;
			sourceTree = "<group>";
		};
/* End PBXGroup section */

/* Begin PBXNativeTarget section */
		C930588825F3D79100D8E6A1 /* Edison */ = {
			isa = PBXNativeTarget;
			buildConfigurationList = C930589D25F3D79200D8E6A1 /* Build configuration list for PBXNativeTarget "Edison" */;
			buildPhases = (
				34B15AA10CC42157970B0E22 /* [CP] Check Pods Manifest.lock */,
				C930588525F3D79100D8E6A1 /* Sources */,
				C930588625F3D79100D8E6A1 /* Frameworks */,
				C930588725F3D79100D8E6A1 /* Resources */,
				416639E1F6870D1574D200AC /* [CP] Embed Pods Frameworks */,
			);
			buildRules = (
			);
			dependencies = (
			);
			name = Edison;
			productName = Edison;
			productReference = C930588925F3D79100D8E6A1 /* Edison.app */;
			productType = "com.apple.product-type.application";
		};
/* End PBXNativeTarget section */

/* Begin PBXProject section */
		C930588125F3D79100D8E6A1 /* Project object */ = {
			isa = PBXProject;
			attributes = {
				LastSwiftUpdateCheck = 1240;
				LastUpgradeCheck = 1240;
				TargetAttributes = {
					C930588825F3D79100D8E6A1 = {
						CreatedOnToolsVersion = 12.4;
					};
				};
			};
			buildConfigurationList = C930588425F3D79100D8E6A1 /* Build configuration list for PBXProject "Edison" */;
			compatibilityVersion = "Xcode 9.3";
			developmentRegion = en;
			hasScannedForEncodings = 0;
			knownRegions = (
				en,
				Base,
			);
			mainGroup = C930588025F3D79100D8E6A1;
			productRefGroup = C930588A25F3D79100D8E6A1 /* Products */;
			projectDirPath = "";
			projectRoot = "";
			targets = (
				C930588825F3D79100D8E6A1 /* Edison */,
			);
		};
/* End PBXProject section */

/* Begin PBXResourcesBuildPhase section */
		C930588725F3D79100D8E6A1 /* Resources */ = {
			isa = PBXResourcesBuildPhase;
			buildActionMask = 2147483647;
			files = (
				C930589925F3D79200D8E6A1 /* LaunchScreen.storyboard in Resources */,
				C930589625F3D79200D8E6A1 /* Assets.xcassets in Resources */,
				15C80B2625FC46400019CCAF /* SampleStoryboard.storyboard in Resources */,
			);
			runOnlyForDeploymentPostprocessing = 0;
		};
/* End PBXResourcesBuildPhase section */

/* Begin PBXShellScriptBuildPhase section */
		34B15AA10CC42157970B0E22 /* [CP] Check Pods Manifest.lock */ = {
			isa = PBXShellScriptBuildPhase;
			buildActionMask = 2147483647;
			files = (
			);
			inputFileListPaths = (
			);
			inputPaths = (
				"${PODS_PODFILE_DIR_PATH}/Podfile.lock",
				"${PODS_ROOT}/Manifest.lock",
			);
			name = "[CP] Check Pods Manifest.lock";
			outputFileListPaths = (
			);
			outputPaths = (
				"$(DERIVED_FILE_DIR)/Pods-Edison-checkManifestLockResult.txt",
			);
			runOnlyForDeploymentPostprocessing = 0;
			shellPath = /bin/sh;
			shellScript = "diff \"${PODS_PODFILE_DIR_PATH}/Podfile.lock\" \"${PODS_ROOT}/Manifest.lock\" > /dev/null\nif [ $? != 0 ] ; then\n    # print error to STDERR\n    echo \"error: The sandbox is not in sync with the Podfile.lock. Run 'pod install' or update your CocoaPods installation.\" >&2\n    exit 1\nfi\n# This output is used by Xcode 'outputs' to avoid re-running this script phase.\necho \"SUCCESS\" > \"${SCRIPT_OUTPUT_FILE_0}\"\n";
			showEnvVarsInLog = 0;
		};
		416639E1F6870D1574D200AC /* [CP] Embed Pods Frameworks */ = {
			isa = PBXShellScriptBuildPhase;
			buildActionMask = 2147483647;
			files = (
			);
			inputFileListPaths = (
				"${PODS_ROOT}/Target Support Files/Pods-Edison/Pods-Edison-frameworks-${CONFIGURATION}-input-files.xcfilelist",
			);
			name = "[CP] Embed Pods Frameworks";
			outputFileListPaths = (
				"${PODS_ROOT}/Target Support Files/Pods-Edison/Pods-Edison-frameworks-${CONFIGURATION}-output-files.xcfilelist",
			);
			runOnlyForDeploymentPostprocessing = 0;
			shellPath = /bin/sh;
			shellScript = "\"${PODS_ROOT}/Target Support Files/Pods-Edison/Pods-Edison-frameworks.sh\"\n";
			showEnvVarsInLog = 0;
		};
/* End PBXShellScriptBuildPhase section */

/* Begin PBXSourcesBuildPhase section */
		C930588525F3D79100D8E6A1 /* Sources */ = {
			isa = PBXSourcesBuildPhase;
			buildActionMask = 2147483647;
			files = (
				C930588D25F3D79100D8E6A1 /* AppDelegate.swift in Sources */,
				C930588F25F3D79100D8E6A1 /* SceneDelegate.swift in Sources */,
				15C80B3525FC5D2E0019CCAF /* AddItemViewController.swift in Sources */,
				15C80B3925FC622E0019CCAF /* DataController.swift in Sources */,
				15C80B3125FC529C0019CCAF /* StudyLater.swift in Sources */,
				C98CB30D25F50F7100821B8F /* UIviewExtension.swift in Sources */,
				C98CB30725F50BC300821B8F /* MainViewController.swift in Sources */,
				15C80B2E25FC52760019CCAF /* ItemDetailViewController.swift in Sources */,
			);
			runOnlyForDeploymentPostprocessing = 0;
		};
/* End PBXSourcesBuildPhase section */

/* Begin PBXVariantGroup section */
		C930589725F3D79200D8E6A1 /* LaunchScreen.storyboard */ = {
			isa = PBXVariantGroup;
			children = (
				C930589825F3D79200D8E6A1 /* Base */,
			);
			name = LaunchScreen.storyboard;
			sourceTree = "<group>";
		};
/* End PBXVariantGroup section */

/* Begin XCBuildConfiguration section */
		C930589B25F3D79200D8E6A1 /* Debug */ = {
			isa = XCBuildConfiguration;
			buildSettings = {
				ALWAYS_SEARCH_USER_PATHS = NO;
				CLANG_ANALYZER_NONNULL = YES;
				CLANG_ANALYZER_NUMBER_OBJECT_CONVERSION = YES_AGGRESSIVE;
				CLANG_CXX_LANGUAGE_STANDARD = "gnu++14";
				CLANG_CXX_LIBRARY = "libc++";
				CLANG_ENABLE_MODULES = YES;
				CLANG_ENABLE_OBJC_ARC = YES;
				CLANG_ENABLE_OBJC_WEAK = YES;
				CLANG_WARN_BLOCK_CAPTURE_AUTORELEASING = YES;
				CLANG_WARN_BOOL_CONVERSION = YES;
				CLANG_WARN_COMMA = YES;
				CLANG_WARN_CONSTANT_CONVERSION = YES;
				CLANG_WARN_DEPRECATED_OBJC_IMPLEMENTATIONS = YES;
				CLANG_WARN_DIRECT_OBJC_ISA_USAGE = YES_ERROR;
				CLANG_WARN_DOCUMENTATION_COMMENTS = YES;
				CLANG_WARN_EMPTY_BODY = YES;
				CLANG_WARN_ENUM_CONVERSION = YES;
				CLANG_WARN_INFINITE_RECURSION = YES;
				CLANG_WARN_INT_CONVERSION = YES;
				CLANG_WARN_NON_LITERAL_NULL_CONVERSION = YES;
				CLANG_WARN_OBJC_IMPLICIT_RETAIN_SELF = YES;
				CLANG_WARN_OBJC_LITERAL_CONVERSION = YES;
				CLANG_WARN_OBJC_ROOT_CLASS = YES_ERROR;
				CLANG_WARN_QUOTED_INCLUDE_IN_FRAMEWORK_HEADER = YES;
				CLANG_WARN_RANGE_LOOP_ANALYSIS = YES;
				CLANG_WARN_STRICT_PROTOTYPES = YES;
				CLANG_WARN_SUSPICIOUS_MOVE = YES;
				CLANG_WARN_UNGUARDED_AVAILABILITY = YES_AGGRESSIVE;
				CLANG_WARN_UNREACHABLE_CODE = YES;
				CLANG_WARN__DUPLICATE_METHOD_MATCH = YES;
				COPY_PHASE_STRIP = NO;
				DEBUG_INFORMATION_FORMAT = dwarf;
				ENABLE_STRICT_OBJC_MSGSEND = YES;
				ENABLE_TESTABILITY = YES;
				GCC_C_LANGUAGE_STANDARD = gnu11;
				GCC_DYNAMIC_NO_PIC = NO;
				GCC_NO_COMMON_BLOCKS = YES;
				GCC_OPTIMIZATION_LEVEL = 0;
				GCC_PREPROCESSOR_DEFINITIONS = (
					"DEBUG=1",
					"$(inherited)",
				);
				GCC_WARN_64_TO_32_BIT_CONVERSION = YES;
				GCC_WARN_ABOUT_RETURN_TYPE = YES_ERROR;
				GCC_WARN_UNDECLARED_SELECTOR = YES;
				GCC_WARN_UNINITIALIZED_AUTOS = YES_AGGRESSIVE;
				GCC_WARN_UNUSED_FUNCTION = YES;
				GCC_WARN_UNUSED_VARIABLE = YES;
				IPHONEOS_DEPLOYMENT_TARGET = 14.4;
				MTL_ENABLE_DEBUG_INFO = INCLUDE_SOURCE;
				MTL_FAST_MATH = YES;
				ONLY_ACTIVE_ARCH = YES;
				SDKROOT = iphoneos;
				SWIFT_ACTIVE_COMPILATION_CONDITIONS = DEBUG;
				SWIFT_OPTIMIZATION_LEVEL = "-Onone";
			};
			name = Debug;
		};
		C930589C25F3D79200D8E6A1 /* Release */ = {
			isa = XCBuildConfiguration;
			buildSettings = {
				ALWAYS_SEARCH_USER_PATHS = NO;
				CLANG_ANALYZER_NONNULL = YES;
				CLANG_ANALYZER_NUMBER_OBJECT_CONVERSION = YES_AGGRESSIVE;
				CLANG_CXX_LANGUAGE_STANDARD = "gnu++14";
				CLANG_CXX_LIBRARY = "libc++";
				CLANG_ENABLE_MODULES = YES;
				CLANG_ENABLE_OBJC_ARC = YES;
				CLANG_ENABLE_OBJC_WEAK = YES;
				CLANG_WARN_BLOCK_CAPTURE_AUTORELEASING = YES;
				CLANG_WARN_BOOL_CONVERSION = YES;
				CLANG_WARN_COMMA = YES;
				CLANG_WARN_CONSTANT_CONVERSION = YES;
				CLANG_WARN_DEPRECATED_OBJC_IMPLEMENTATIONS = YES;
				CLANG_WARN_DIRECT_OBJC_ISA_USAGE = YES_ERROR;
				CLANG_WARN_DOCUMENTATION_COMMENTS = YES;
				CLANG_WARN_EMPTY_BODY = YES;
				CLANG_WARN_ENUM_CONVERSION = YES;
				CLANG_WARN_INFINITE_RECURSION = YES;
				CLANG_WARN_INT_CONVERSION = YES;
				CLANG_WARN_NON_LITERAL_NULL_CONVERSION = YES;
				CLANG_WARN_OBJC_IMPLICIT_RETAIN_SELF = YES;
				CLANG_WARN_OBJC_LITERAL_CONVERSION = YES;
				CLANG_WARN_OBJC_ROOT_CLASS = YES_ERROR;
				CLANG_WARN_QUOTED_INCLUDE_IN_FRAMEWORK_HEADER = YES;
				CLANG_WARN_RANGE_LOOP_ANALYSIS = YES;
				CLANG_WARN_STRICT_PROTOTYPES = YES;
				CLANG_WARN_SUSPICIOUS_MOVE = YES;
				CLANG_WARN_UNGUARDED_AVAILABILITY = YES_AGGRESSIVE;
				CLANG_WARN_UNREACHABLE_CODE = YES;
				CLANG_WARN__DUPLICATE_METHOD_MATCH = YES;
				COPY_PHASE_STRIP = NO;
				DEBUG_INFORMATION_FORMAT = "dwarf-with-dsym";
				ENABLE_NS_ASSERTIONS = NO;
				ENABLE_STRICT_OBJC_MSGSEND = YES;
				GCC_C_LANGUAGE_STANDARD = gnu11;
				GCC_NO_COMMON_BLOCKS = YES;
				GCC_WARN_64_TO_32_BIT_CONVERSION = YES;
				GCC_WARN_ABOUT_RETURN_TYPE = YES_ERROR;
				GCC_WARN_UNDECLARED_SELECTOR = YES;
				GCC_WARN_UNINITIALIZED_AUTOS = YES_AGGRESSIVE;
				GCC_WARN_UNUSED_FUNCTION = YES;
				GCC_WARN_UNUSED_VARIABLE = YES;
				IPHONEOS_DEPLOYMENT_TARGET = 14.4;
				MTL_ENABLE_DEBUG_INFO = NO;
				MTL_FAST_MATH = YES;
				SDKROOT = iphoneos;
				SWIFT_COMPILATION_MODE = wholemodule;
				SWIFT_OPTIMIZATION_LEVEL = "-O";
				VALIDATE_PRODUCT = YES;
			};
			name = Release;
		};
		C930589E25F3D79200D8E6A1 /* Debug */ = {
			isa = XCBuildConfiguration;
			baseConfigurationReference = A47301EBBB5D692B7FB2D395 /* Pods-Edison.debug.xcconfig */;
			buildSettings = {
				ASSETCATALOG_COMPILER_APPICON_NAME = AppIcon;
				ASSETCATALOG_COMPILER_GLOBAL_ACCENT_COLOR_NAME = AccentColor;
				CODE_SIGN_STYLE = Automatic;
				DEVELOPMENT_TEAM = VZTRDYYN8R;
				INFOPLIST_FILE = Edison/Application/Info.plist;
				IPHONEOS_DEPLOYMENT_TARGET = 14.3;
				LD_RUNPATH_SEARCH_PATHS = (
					"$(inherited)",
					"@executable_path/Frameworks",
				);
				PRODUCT_BUNDLE_IDENTIFIER = com.thomas.Edison;
				PRODUCT_NAME = "$(TARGET_NAME)";
				SWIFT_VERSION = 5.0;
				TARGETED_DEVICE_FAMILY = "1,2";
			};
			name = Debug;
		};
		C930589F25F3D79200D8E6A1 /* Release */ = {
			isa = XCBuildConfiguration;
			baseConfigurationReference = B132AEA23712907F99B50B25 /* Pods-Edison.release.xcconfig */;
			buildSettings = {
				ASSETCATALOG_COMPILER_APPICON_NAME = AppIcon;
				ASSETCATALOG_COMPILER_GLOBAL_ACCENT_COLOR_NAME = AccentColor;
				CODE_SIGN_STYLE = Automatic;
				DEVELOPMENT_TEAM = VZTRDYYN8R;
				INFOPLIST_FILE = Edison/Application/Info.plist;
				IPHONEOS_DEPLOYMENT_TARGET = 14.3;
				LD_RUNPATH_SEARCH_PATHS = (
					"$(inherited)",
					"@executable_path/Frameworks",
				);
				PRODUCT_BUNDLE_IDENTIFIER = com.thomas.Edison;
				PRODUCT_NAME = "$(TARGET_NAME)";
				SWIFT_VERSION = 5.0;
				TARGETED_DEVICE_FAMILY = "1,2";
			};
			name = Release;
		};
/* End XCBuildConfiguration section */

/* Begin XCConfigurationList section */
		C930588425F3D79100D8E6A1 /* Build configuration list for PBXProject "Edison" */ = {
			isa = XCConfigurationList;
			buildConfigurations = (
				C930589B25F3D79200D8E6A1 /* Debug */,
				C930589C25F3D79200D8E6A1 /* Release */,
			);
			defaultConfigurationIsVisible = 0;
			defaultConfigurationName = Release;
		};
		C930589D25F3D79200D8E6A1 /* Build configuration list for PBXNativeTarget "Edison" */ = {
			isa = XCConfigurationList;
			buildConfigurations = (
				C930589E25F3D79200D8E6A1 /* Debug */,
				C930589F25F3D79200D8E6A1 /* Release */,
			);
			defaultConfigurationIsVisible = 0;
			defaultConfigurationName = Release;
		};
/* End XCConfigurationList section */
	};
	rootObject = C930588125F3D79100D8E6A1 /* Project object */;
}
